
Microsoft Visual Studio Solution File, Format Version 10.00
# Visual Studio 2008
Project("{FAE04EC0-301F-11D3-BF4B-00C04F79EFBC}") = "CopyCat.Web", "CopyCat.Web\CopyCat.Web.csproj", "{9C9DA4A5-9A20-4897-A52F-2566FE46CCA8}"
EndProject
Project("{FAE04EC0-301F-11D3-BF4B-00C04F79EFBC}") = "DOWILL.CopyCat.Lib", "DOWILL.CopyCat.Lib\DOWILL.CopyCat.Lib.csproj", "{074A4FFF-8864-49E1-90B7-49DC94810EB9}"
EndProject
Project("{FAE04EC0-301F-11D3-BF4B-00C04F79EFBC}") = "CopyCat.Web.Core", "CopyCat.Web.Core\CopyCat.Web.Core.csproj", "{844FDCD1-8589-48C0-BF9C-0C4EB61C255D}"
EndProject
Global
	GlobalSection(SolutionConfigurationPlatforms) = preSolution
		Debug|Any CPU = Debug|Any CPU
		Release|Any CPU = Release|Any CPU
	EndGlobalSection
	GlobalSection(ProjectConfigurationPlatforms) = postSolution
		{9C9DA4A5-9A20-4897-A52F-2566FE46CCA8}.Debug|Any CPU.ActiveCfg = Debug|Any CPU
		{9C9DA4A5-9A20-4897-A52F-2566FE46CCA8}.Debug|Any CPU.Build.0 = Debug|Any CPU
		{9C9DA4A5-9A20-4897-A52F-2566FE46CCA8}.Release|Any CPU.ActiveCfg = Release|Any CPU
		{9C9DA4A5-9A20-4897-A52F-2566FE46CCA8}.Release|Any CPU.Build.0 = Release|Any CPU
		{074A4FFF-8864-49E1-90B7-49DC94810EB9}.Debug|Any CPU.ActiveCfg = Debug|Any CPU
		{074A4FFF-8864-49E1-90B7-49DC94810EB9}.Debug|Any CPU.Build.0 = Debug|Any CPU
		{074A4FFF-8864-49E1-90B7-49DC94810EB9}.Release|Any CPU.ActiveCfg = Release|Any CPU
		{074A4FFF-8864-49E1-90B7-49DC94810EB9}.Release|Any CPU.Build.0 = Release|Any CPU
		{844FDCD1-8589-48C0-BF9C-0C4EB61C255D}.Debug|Any CPU.ActiveCfg = Debug|Any CPU
		{844FDCD1-8589-48C0-BF9C-0C4EB61C255D}.Debug|Any CPU.Build.0 = Debug|Any CPU
		{844FDCD1-8589-48C0-BF9C-0C4EB61C255D}.Release|Any CPU.ActiveCfg = Release|Any CPU
		{844FDCD1-8589-48C0-BF9C-0C4EB61C255D}.Release|Any CPU.Build.0 = Release|Any CPU
	EndGlobalSection
	GlobalSection(SolutionProperties) = preSolution
		HideSolutionNode = FALSE
	EndGlobalSection
EndGlobal
